
Microsoft Visual Studio Solution File, Format Version 12.00
Project("{FAE04EC0-301F-11D3-BF4B-00C04F79EFBC}") = "MIM.Schema", "src\MIM.Schema\MIM.Schema.csproj", "{1A425BC3-CD3E-47E7-9A3A-2340F8BDC72D}"
EndProject
Global
	GlobalSection(SolutionConfigurationPlatforms) = preSolution
		Debug|Any CPU = Debug|Any CPU
		Release|Any CPU = Release|Any CPU
	EndGlobalSection
	GlobalSection(ProjectConfigurationPlatforms) = postSolution
		{1A425BC3-CD3E-47E7-9A3A-2340F8BDC72D}.Debug|Any CPU.ActiveCfg = Debug|Any CPU
		{1A425BC3-CD3E-47E7-9A3A-2340F8BDC72D}.Debug|Any CPU.Build.0 = Debug|Any CPU
		{1A425BC3-CD3E-47E7-9A3A-2340F8BDC72D}.Release|Any CPU.ActiveCfg = Release|Any CPU
		{1A425BC3-CD3E-47E7-9A3A-2340F8BDC72D}.Release|Any CPU.Build.0 = Release|Any CPU
	EndGlobalSection
	GlobalSection(NestedProjects) = preSolution
	EndGlobalSection
EndGlobal
